<?xml version="1.0" encoding="UTF-8" standalone="yes" ?>
<CodeBlocks_project_file>
	<FileVersion major="1" minor="6" />
	<Project>
		<Option title="world_visualiser" />
		<Option pch_mode="2" />
		<Option compiler="gcc" />
		<Build>
			<Target title="Debug">
				<Option output="bin/Debug/world_visualiser" prefix_auto="1" extension_auto="1" />
				<Option object_output="obj/Debug/" />
				<Option type="1" />
				<Option compiler="gcc" />
				<Compiler>
					<Add option="-g" />
					<Add option="-DSFML_STATIC" />
					<Add option="-DGLEW_STATIC" />
					<Add directory="include" />
					<Add directory="closed_world/include" />
					<Add directory="glsl_linalg/include" />
					<Add directory="linalg/include" />
				</Compiler>
				<Linker>
					<Add library="sfml-graphics-s-d" />
					<Add library="sfml-window-s-d" />
					<Add library="sfml-system-s-d" />
				</Linker>
			</Target>
			<Target title="Release">
				<Option output="bin/Release/world_visualiser" prefix_auto="1" extension_auto="1" />
				<Option object_output="obj/Release/" />
				<Option type="1" />
				<Option compiler="gcc" />
				<Compiler>
					<Add option="-O2" />
					<Add directory="include" />
					<Add directory="glsl_linalg/include" />
					<Add directory="linalg/include" />
				</Compiler>
				<Linker>
					<Add option="-s" />
				</Linker>
			</Target>
			<Target title="Debug_linux">
				<Option platforms="Unix;" />
				<Option output="bin/Debug_linux/world_visualiser" prefix_auto="1" extension_auto="1" />
				<Option object_output="obj/Debug_linux/" />
				<Option type="1" />
				<Option compiler="gcc" />
				<Compiler>
					<Add option="-g" />
					<Add option="-DSFML_STATIC" />
					<Add option="-DGLEW_STATIC" />
					<Add directory="include" />
					<Add directory="closed_world/include" />
					<Add directory="glsl_linalg/include" />
					<Add directory="linalg/include" />
				</Compiler>
				<Linker>
					<Add library="sfml-graphics" />
					<Add library="sfml-window" />
					<Add library="sfml-system" />
					<Add library="GLEW" />
					<Add library="GL" />
				</Linker>
			</Target>
			<Target title="Release_linux">
				<Option platforms="Unix;" />
				<Option output="bin/Release_linux/world_visualiser" prefix_auto="1" extension_auto="1" />
				<Option object_output="obj/Release_linux/" />
				<Option type="1" />
				<Option compiler="gcc" />
				<Compiler>
					<Add option="-O2" />
					<Add directory="include" />
					<Add directory="glsl_linalg/include" />
					<Add directory="linalg/include" />
				</Compiler>
				<Linker>
					<Add option="-s" />
					<Add library="sfml-graphics" />
					<Add library="sfml-window" />
					<Add library="sfml-system" />
					<Add library="GLEW" />
					<Add library="GL" />
				</Linker>
			</Target>
		</Build>
		<Compiler>
			<Add option="-std=c++11" />
			<Add option="-Wall" />
			<Add option="-fexceptions" />
		</Compiler>
		<Unit filename="closed_world/include/closedmap.h" />
		<Unit filename="closed_world/include/closedworld.h" />
		<Unit filename="closed_world/include/heightmap.h" />
		<Unit filename="closed_world/include/weathermap.h" />
		<Unit filename="closed_world/src/closedworld.cpp" />
		<Unit filename="closed_world/src/heightmap.cpp" />
		<Unit filename="closed_world/src/weathermap.cpp" />
		<Unit filename="include/advdiffshader.h" />
		<Unit filename="include/comprgassim.h" />
		<Unit filename="include/fluiddisplayshader.h" />
		<Unit filename="include/gasjacobishader.h" />
		<Unit filename="include/gasvisualshader.h" />
		<Unit filename="include/gpuweather.h" />
		<Unit filename="include/layer.h" />
		<Unit filename="include/mainshader.h" />
		<Unit filename="include/pressureshader.h" />
		<Unit filename="include/renderer.h" />
		<Unit filename="include/shaderbase.h" />
		<Unit filename="include/shallowwater.h" />
		<Unit filename="include/shallowwatershader.h" />
		<Unit filename="include/velcorrshader.h" />
		<Unit filename="include/waterdisplayshader.h" />
		<Unit filename="include/weather.h" />
		<Unit filename="main.cpp" />
		<Unit filename="shaders/advdiffshader.glsl" />
		<Unit filename="shaders/fluiddisplayshader.glsl" />
		<Unit filename="shaders/gasjacobishader.glsl" />
		<Unit filename="shaders/main_shader_frag.glsl" />
		<Unit filename="shaders/main_shader_vert.glsl" />
		<Unit filename="shaders/pressureshader.glsl" />
		<Unit filename="shaders/shallowwatershader.glsl" />
		<Unit filename="shaders/velcorrshader.glsl" />
		<Unit filename="shaders/waterdisplayshader.glsl" />
		<Unit filename="src/advdiffshader.cpp" />
		<Unit filename="src/comprgassim.cpp" />
		<Unit filename="src/fluiddisplayshader.cpp" />
		<Unit filename="src/gasjacobishader.cpp" />
		<Unit filename="src/gasvisualshader.cpp" />
		<Unit filename="src/gpuweather.cpp" />
		<Unit filename="src/layer.cpp" />
		<Unit filename="src/mainshader.cpp" />
		<Unit filename="src/pressureshader.cpp" />
		<Unit filename="src/renderer.cpp" />
		<Unit filename="src/shaderbase.cpp" />
		<Unit filename="src/shallowwater.cpp" />
		<Unit filename="src/shallowwatershader.cpp" />
		<Unit filename="src/velcorrshader.cpp" />
		<Unit filename="src/waterdisplayshader.cpp" />
		<Unit filename="src/weather.cpp" />
		<Extensions>
			<code_completion />
			<envvars />
			<debugger />
			<lib_finder disable_auto="1" />
		</Extensions>
	</Project>
</CodeBlocks_project_file>
